// !$*UTF8*$!
{
	archiveVersion = 1;
	classes = {
	};
	objectVersion = 56;
	objects = {

/* Begin PBXBuildFile section */
		C21F1C1B2B6194C500FCA3EC /* Movie.swift in Sources */ = {isa = PBXBuildFile; fileRef = C21F1C1A2B6194C500FCA3EC /* Movie.swift */; };
		C21F1C1F2B61987E00FCA3EC /* MoviesTableViewCell.swift in Sources */ = {isa = PBXBuildFile; fileRef = C21F1C1D2B61987E00FCA3EC /* MoviesTableViewCell.swift */; };
		C21F1C202B61987E00FCA3EC /* MoviesTableViewCell.xib in Resources */ = {isa = PBXBuildFile; fileRef = C21F1C1E2B61987E00FCA3EC /* MoviesTableViewCell.xib */; };
		C21F1C222B619C5800FCA3EC /* Config.xcconfig in Resources */ = {isa = PBXBuildFile; fileRef = C21F1C212B619C5800FCA3EC /* Config.xcconfig */; };
		C21F1C252B619D3700FCA3EC /* Config.swift in Sources */ = {isa = PBXBuildFile; fileRef = C21F1C242B619D3700FCA3EC /* Config.swift */; };
		C21F1C282B619EE600FCA3EC /* SDWebImage in Frameworks */ = {isa = PBXBuildFile; productRef = C21F1C272B619EE600FCA3EC /* SDWebImage */; };
		C21F1C2C2B61A46E00FCA3EC /* MovieDetailsViewController.swift in Sources */ = {isa = PBXBuildFile; fileRef = C21F1C2A2B61A46E00FCA3EC /* MovieDetailsViewController.swift */; };
		C21F1C2D2B61A46E00FCA3EC /* MovieDetailsViewController.xib in Resources */ = {isa = PBXBuildFile; fileRef = C21F1C2B2B61A46E00FCA3EC /* MovieDetailsViewController.xib */; };
		C21F1C312B61A4DF00FCA3EC /* MovieDetailsViewModel.swift in Sources */ = {isa = PBXBuildFile; fileRef = C21F1C302B61A4DF00FCA3EC /* MovieDetailsViewModel.swift */; };
		C21F1C382B61AC0200FCA3EC /* Date+Extension.swift in Sources */ = {isa = PBXBuildFile; fileRef = C21F1C372B61AC0200FCA3EC /* Date+Extension.swift */; };
		C21F1C3C2B61B68500FCA3EC /* MoviesDetailsRemoteRepository.swift in Sources */ = {isa = PBXBuildFile; fileRef = C21F1C3B2B61B68500FCA3EC /* MoviesDetailsRemoteRepository.swift */; };
		C21F1C3E2B61B6B100FCA3EC /* MovieDetailsEndpointProviders.swift in Sources */ = {isa = PBXBuildFile; fileRef = C21F1C3D2B61B6B100FCA3EC /* MovieDetailsEndpointProviders.swift */; };
		C21F1C412B61B70000FCA3EC /* MovieDetailsRequestModel.swift in Sources */ = {isa = PBXBuildFile; fileRef = C21F1C402B61B70000FCA3EC /* MovieDetailsRequestModel.swift */; };
		C21F1C432B61BD1400FCA3EC /* MovieDetailsResponseModel.swift in Sources */ = {isa = PBXBuildFile; fileRef = C21F1C422B61BD1400FCA3EC /* MovieDetailsResponseModel.swift */; };
		C21F1C452B61BDC700FCA3EC /* MovieDetailsUseCase.swift in Sources */ = {isa = PBXBuildFile; fileRef = C21F1C442B61BDC700FCA3EC /* MovieDetailsUseCase.swift */; };
		C26B1E762B60647000600E63 /* AppDelegate.swift in Sources */ = {isa = PBXBuildFile; fileRef = C26B1E752B60647000600E63 /* AppDelegate.swift */; };
		C26B1E782B60647000600E63 /* SceneDelegate.swift in Sources */ = {isa = PBXBuildFile; fileRef = C26B1E772B60647000600E63 /* SceneDelegate.swift */; };
		C26B1E7F2B60647100600E63 /* Assets.xcassets in Resources */ = {isa = PBXBuildFile; fileRef = C26B1E7E2B60647100600E63 /* Assets.xcassets */; };
		C26B1E822B60647100600E63 /* LaunchScreen.storyboard in Resources */ = {isa = PBXBuildFile; fileRef = C26B1E802B60647100600E63 /* LaunchScreen.storyboard */; };
		C26B1E8D2B60647100600E63 /* MoviesAppTests.swift in Sources */ = {isa = PBXBuildFile; fileRef = C26B1E8C2B60647100600E63 /* MoviesAppTests.swift */; };
		C26B1E972B60647100600E63 /* MoviesAppUITests.swift in Sources */ = {isa = PBXBuildFile; fileRef = C26B1E962B60647100600E63 /* MoviesAppUITests.swift */; };
		C26B1E992B60647100600E63 /* MoviesAppUITestsLaunchTests.swift in Sources */ = {isa = PBXBuildFile; fileRef = C26B1E982B60647100600E63 /* MoviesAppUITestsLaunchTests.swift */; };
		C26B1ECB2B60704000600E63 /* Coordinator.swift in Sources */ = {isa = PBXBuildFile; fileRef = C26B1ECA2B60704000600E63 /* Coordinator.swift */; };
		C26B1ECD2B60706F00600E63 /* MoviesCoordinator.swift in Sources */ = {isa = PBXBuildFile; fileRef = C26B1ECC2B60706F00600E63 /* MoviesCoordinator.swift */; };
		C26B1ED12B6070F400600E63 /* MoviesListViewController.swift in Sources */ = {isa = PBXBuildFile; fileRef = C26B1ED02B6070F400600E63 /* MoviesListViewController.swift */; };
		C26B1ED32B60724D00600E63 /* MoviesListViewController.xib in Resources */ = {isa = PBXBuildFile; fileRef = C26B1ED22B60724D00600E63 /* MoviesListViewController.xib */; };
		C26B1ED72B60759700600E63 /* MoviesListViewModel.swift in Sources */ = {isa = PBXBuildFile; fileRef = C26B1ED62B60759700600E63 /* MoviesListViewModel.swift */; };
		C26B1EDA2B6078E600600E63 /* MoviesListUseCase.swift in Sources */ = {isa = PBXBuildFile; fileRef = C26B1ED92B6078E600600E63 /* MoviesListUseCase.swift */; };
		C26B1EDD2B60793A00600E63 /* MoviesListRemoteRepository.swift in Sources */ = {isa = PBXBuildFile; fileRef = C26B1EDC2B60793A00600E63 /* MoviesListRemoteRepository.swift */; };
		C26B1EE02B6079D700600E63 /* NetworkClient.swift in Sources */ = {isa = PBXBuildFile; fileRef = C26B1EDF2B6079D700600E63 /* NetworkClient.swift */; };
		C26B1EE22B607CDF00600E63 /* NetworkError.swift in Sources */ = {isa = PBXBuildFile; fileRef = C26B1EE12B607CDF00600E63 /* NetworkError.swift */; };
		C26B1EE42B607D3300600E63 /* NetworkRequest.swift in Sources */ = {isa = PBXBuildFile; fileRef = C26B1EE32B607D3300600E63 /* NetworkRequest.swift */; };
		C26B1EE62B607D8200600E63 /* NetworkHTTPMethod.swift in Sources */ = {isa = PBXBuildFile; fileRef = C26B1EE52B607D8200600E63 /* NetworkHTTPMethod.swift */; };
		C26B1EE82B607F1500600E63 /* MoviesListEndPointProviders.swift in Sources */ = {isa = PBXBuildFile; fileRef = C26B1EE72B607F1500600E63 /* MoviesListEndPointProviders.swift */; };
		C26B1EEE2B60899000600E63 /* MoviesListResponse.swift in Sources */ = {isa = PBXBuildFile; fileRef = C26B1EED2B60899000600E63 /* MoviesListResponse.swift */; };
/* End PBXBuildFile section */

/* Begin PBXContainerItemProxy section */
		C26B1E892B60647100600E63 /* PBXContainerItemProxy */ = {
			isa = PBXContainerItemProxy;
			containerPortal = C26B1E6A2B60647000600E63 /* Project object */;
			proxyType = 1;
			remoteGlobalIDString = C26B1E712B60647000600E63;
			remoteInfo = MoviesApp;
		};
		C26B1E932B60647100600E63 /* PBXContainerItemProxy */ = {
			isa = PBXContainerItemProxy;
			containerPortal = C26B1E6A2B60647000600E63 /* Project object */;
			proxyType = 1;
			remoteGlobalIDString = C26B1E712B60647000600E63;
			remoteInfo = MoviesApp;
		};
/* End PBXContainerItemProxy section */

/* Begin PBXFileReference section */
		C21F1C1A2B6194C500FCA3EC /* Movie.swift */ = {isa = PBXFileReference; lastKnownFileType = sourcecode.swift; path = Movie.swift; sourceTree = "<group>"; };
		C21F1C1D2B61987E00FCA3EC /* MoviesTableViewCell.swift */ = {isa = PBXFileReference; lastKnownFileType = sourcecode.swift; path = MoviesTableViewCell.swift; sourceTree = "<group>"; };
		C21F1C1E2B61987E00FCA3EC /* MoviesTableViewCell.xib */ = {isa = PBXFileReference; lastKnownFileType = file.xib; path = MoviesTableViewCell.xib; sourceTree = "<group>"; };
		C21F1C212B619C5800FCA3EC /* Config.xcconfig */ = {isa = PBXFileReference; lastKnownFileType = text.xcconfig; path = Config.xcconfig; sourceTree = "<group>"; };
		C21F1C242B619D3700FCA3EC /* Config.swift */ = {isa = PBXFileReference; lastKnownFileType = sourcecode.swift; path = Config.swift; sourceTree = "<group>"; };
		C21F1C2A2B61A46E00FCA3EC /* MovieDetailsViewController.swift */ = {isa = PBXFileReference; lastKnownFileType = sourcecode.swift; path = MovieDetailsViewController.swift; sourceTree = "<group>"; };
		C21F1C2B2B61A46E00FCA3EC /* MovieDetailsViewController.xib */ = {isa = PBXFileReference; lastKnownFileType = file.xib; path = MovieDetailsViewController.xib; sourceTree = "<group>"; };
		C21F1C302B61A4DF00FCA3EC /* MovieDetailsViewModel.swift */ = {isa = PBXFileReference; lastKnownFileType = sourcecode.swift; path = MovieDetailsViewModel.swift; sourceTree = "<group>"; };
		C21F1C372B61AC0200FCA3EC /* Date+Extension.swift */ = {isa = PBXFileReference; lastKnownFileType = sourcecode.swift; path = "Date+Extension.swift"; sourceTree = "<group>"; };
		C21F1C3B2B61B68500FCA3EC /* MoviesDetailsRemoteRepository.swift */ = {isa = PBXFileReference; lastKnownFileType = sourcecode.swift; path = MoviesDetailsRemoteRepository.swift; sourceTree = "<group>"; };
		C21F1C3D2B61B6B100FCA3EC /* MovieDetailsEndpointProviders.swift */ = {isa = PBXFileReference; lastKnownFileType = sourcecode.swift; path = MovieDetailsEndpointProviders.swift; sourceTree = "<group>"; };
		C21F1C402B61B70000FCA3EC /* MovieDetailsRequestModel.swift */ = {isa = PBXFileReference; lastKnownFileType = sourcecode.swift; path = MovieDetailsRequestModel.swift; sourceTree = "<group>"; };
		C21F1C422B61BD1400FCA3EC /* MovieDetailsResponseModel.swift */ = {isa = PBXFileReference; lastKnownFileType = sourcecode.swift; path = MovieDetailsResponseModel.swift; sourceTree = "<group>"; };
		C21F1C442B61BDC700FCA3EC /* MovieDetailsUseCase.swift */ = {isa = PBXFileReference; lastKnownFileType = sourcecode.swift; path = MovieDetailsUseCase.swift; sourceTree = "<group>"; };
		C26B1E722B60647000600E63 /* MoviesApp.app */ = {isa = PBXFileReference; explicitFileType = wrapper.application; includeInIndex = 0; path = MoviesApp.app; sourceTree = BUILT_PRODUCTS_DIR; };
		C26B1E752B60647000600E63 /* AppDelegate.swift */ = {isa = PBXFileReference; lastKnownFileType = sourcecode.swift; path = AppDelegate.swift; sourceTree = "<group>"; };
		C26B1E772B60647000600E63 /* SceneDelegate.swift */ = {isa = PBXFileReference; lastKnownFileType = sourcecode.swift; path = SceneDelegate.swift; sourceTree = "<group>"; };
		C26B1E7E2B60647100600E63 /* Assets.xcassets */ = {isa = PBXFileReference; lastKnownFileType = folder.assetcatalog; path = Assets.xcassets; sourceTree = "<group>"; };
		C26B1E812B60647100600E63 /* Base */ = {isa = PBXFileReference; lastKnownFileType = file.storyboard; name = Base; path = Base.lproj/LaunchScreen.storyboard; sourceTree = "<group>"; };
		C26B1E832B60647100600E63 /* Info.plist */ = {isa = PBXFileReference; lastKnownFileType = text.plist.xml; path = Info.plist; sourceTree = "<group>"; };
		C26B1E882B60647100600E63 /* MoviesAppTests.xctest */ = {isa = PBXFileReference; explicitFileType = wrapper.cfbundle; includeInIndex = 0; path = MoviesAppTests.xctest; sourceTree = BUILT_PRODUCTS_DIR; };
		C26B1E8C2B60647100600E63 /* MoviesAppTests.swift */ = {isa = PBXFileReference; lastKnownFileType = sourcecode.swift; path = MoviesAppTests.swift; sourceTree = "<group>"; };
		C26B1E922B60647100600E63 /* MoviesAppUITests.xctest */ = {isa = PBXFileReference; explicitFileType = wrapper.cfbundle; includeInIndex = 0; path = MoviesAppUITests.xctest; sourceTree = BUILT_PRODUCTS_DIR; };
		C26B1E962B60647100600E63 /* MoviesAppUITests.swift */ = {isa = PBXFileReference; lastKnownFileType = sourcecode.swift; path = MoviesAppUITests.swift; sourceTree = "<group>"; };
		C26B1E982B60647100600E63 /* MoviesAppUITestsLaunchTests.swift */ = {isa = PBXFileReference; lastKnownFileType = sourcecode.swift; path = MoviesAppUITestsLaunchTests.swift; sourceTree = "<group>"; };
		C26B1ECA2B60704000600E63 /* Coordinator.swift */ = {isa = PBXFileReference; lastKnownFileType = sourcecode.swift; path = Coordinator.swift; sourceTree = "<group>"; };
		C26B1ECC2B60706F00600E63 /* MoviesCoordinator.swift */ = {isa = PBXFileReference; lastKnownFileType = sourcecode.swift; path = MoviesCoordinator.swift; sourceTree = "<group>"; };
		C26B1ED02B6070F400600E63 /* MoviesListViewController.swift */ = {isa = PBXFileReference; lastKnownFileType = sourcecode.swift; path = MoviesListViewController.swift; sourceTree = "<group>"; };
		C26B1ED22B60724D00600E63 /* MoviesListViewController.xib */ = {isa = PBXFileReference; lastKnownFileType = file.xib; path = MoviesListViewController.xib; sourceTree = "<group>"; };
		C26B1ED62B60759700600E63 /* MoviesListViewModel.swift */ = {isa = PBXFileReference; lastKnownFileType = sourcecode.swift; path = MoviesListViewModel.swift; sourceTree = "<group>"; };
		C26B1ED92B6078E600600E63 /* MoviesListUseCase.swift */ = {isa = PBXFileReference; lastKnownFileType = sourcecode.swift; path = MoviesListUseCase.swift; sourceTree = "<group>"; };
		C26B1EDC2B60793A00600E63 /* MoviesListRemoteRepository.swift */ = {isa = PBXFileReference; lastKnownFileType = sourcecode.swift; path = MoviesListRemoteRepository.swift; sourceTree = "<group>"; };
		C26B1EDF2B6079D700600E63 /* NetworkClient.swift */ = {isa = PBXFileReference; lastKnownFileType = sourcecode.swift; path = NetworkClient.swift; sourceTree = "<group>"; };
		C26B1EE12B607CDF00600E63 /* NetworkError.swift */ = {isa = PBXFileReference; lastKnownFileType = sourcecode.swift; path = NetworkError.swift; sourceTree = "<group>"; };
		C26B1EE32B607D3300600E63 /* NetworkRequest.swift */ = {isa = PBXFileReference; lastKnownFileType = sourcecode.swift; path = NetworkRequest.swift; sourceTree = "<group>"; };
		C26B1EE52B607D8200600E63 /* NetworkHTTPMethod.swift */ = {isa = PBXFileReference; lastKnownFileType = sourcecode.swift; path = NetworkHTTPMethod.swift; sourceTree = "<group>"; };
		C26B1EE72B607F1500600E63 /* MoviesListEndPointProviders.swift */ = {isa = PBXFileReference; lastKnownFileType = sourcecode.swift; path = MoviesListEndPointProviders.swift; sourceTree = "<group>"; };
		C26B1EED2B60899000600E63 /* MoviesListResponse.swift */ = {isa = PBXFileReference; lastKnownFileType = sourcecode.swift; path = MoviesListResponse.swift; sourceTree = "<group>"; };
/* End PBXFileReference section */

/* Begin PBXFrameworksBuildPhase section */
		C26B1E6F2B60647000600E63 /* Frameworks */ = {
			isa = PBXFrameworksBuildPhase;
			buildActionMask = 2147483647;
			files = (
				C21F1C282B619EE600FCA3EC /* SDWebImage in Frameworks */,
			);
			runOnlyForDeploymentPostprocessing = 0;
		};
		C26B1E852B60647100600E63 /* Frameworks */ = {
			isa = PBXFrameworksBuildPhase;
			buildActionMask = 2147483647;
			files = (
			);
			runOnlyForDeploymentPostprocessing = 0;
		};
		C26B1E8F2B60647100600E63 /* Frameworks */ = {
			isa = PBXFrameworksBuildPhase;
			buildActionMask = 2147483647;
			files = (
			);
			runOnlyForDeploymentPostprocessing = 0;
		};
/* End PBXFrameworksBuildPhase section */

/* Begin PBXGroup section */
		C21F1C1C2B61987300FCA3EC /* MoviesTableViewCell */ = {
			isa = PBXGroup;
			children = (
				C21F1C1D2B61987E00FCA3EC /* MoviesTableViewCell.swift */,
				C21F1C1E2B61987E00FCA3EC /* MoviesTableViewCell.xib */,
			);
			path = MoviesTableViewCell;
			sourceTree = "<group>";
		};
		C21F1C232B619D2B00FCA3EC /* Config */ = {
			isa = PBXGroup;
			children = (
				C21F1C212B619C5800FCA3EC /* Config.xcconfig */,
				C21F1C242B619D3700FCA3EC /* Config.swift */,
			);
			path = Config;
			sourceTree = "<group>";
		};
		C21F1C292B61A45B00FCA3EC /* MoviesDetails */ = {
			isa = PBXGroup;
			children = (
				C21F1C3F2B61B6F000FCA3EC /* Entities */,
				C21F1C3A2B61B64200FCA3EC /* Repositories */,
				C21F1C392B61B63900FCA3EC /* UseCase */,
				C21F1C2F2B61A4CC00FCA3EC /* ViewModel */,
				C21F1C2E2B61A4B900FCA3EC /* Views */,
			);
			path = MoviesDetails;
			sourceTree = "<group>";
		};
		C21F1C2E2B61A4B900FCA3EC /* Views */ = {
			isa = PBXGroup;
			children = (
				C21F1C2A2B61A46E00FCA3EC /* MovieDetailsViewController.swift */,
				C21F1C2B2B61A46E00FCA3EC /* MovieDetailsViewController.xib */,
			);
			path = Views;
			sourceTree = "<group>";
		};
		C21F1C2F2B61A4CC00FCA3EC /* ViewModel */ = {
			isa = PBXGroup;
			children = (
				C21F1C302B61A4DF00FCA3EC /* MovieDetailsViewModel.swift */,
			);
			path = ViewModel;
			sourceTree = "<group>";
		};
		C21F1C362B61ABF600FCA3EC /* Extensions */ = {
			isa = PBXGroup;
			children = (
				C21F1C372B61AC0200FCA3EC /* Date+Extension.swift */,
			);
			path = Extensions;
			sourceTree = "<group>";
		};
		C21F1C392B61B63900FCA3EC /* UseCase */ = {
			isa = PBXGroup;
			children = (
				C21F1C442B61BDC700FCA3EC /* MovieDetailsUseCase.swift */,
			);
			path = UseCase;
			sourceTree = "<group>";
		};
		C21F1C3A2B61B64200FCA3EC /* Repositories */ = {
			isa = PBXGroup;
			children = (
				C21F1C3B2B61B68500FCA3EC /* MoviesDetailsRemoteRepository.swift */,
				C21F1C3D2B61B6B100FCA3EC /* MovieDetailsEndpointProviders.swift */,
				C21F1C402B61B70000FCA3EC /* MovieDetailsRequestModel.swift */,
			);
			path = Repositories;
			sourceTree = "<group>";
		};
		C21F1C3F2B61B6F000FCA3EC /* Entities */ = {
			isa = PBXGroup;
			children = (
				C21F1C422B61BD1400FCA3EC /* MovieDetailsResponseModel.swift */,
			);
			path = Entities;
			sourceTree = "<group>";
		};
		C26B1E692B60647000600E63 = {
			isa = PBXGroup;
			children = (
				C26B1E742B60647000600E63 /* MoviesApp */,
				C26B1E8B2B60647100600E63 /* MoviesAppTests */,
				C26B1E952B60647100600E63 /* MoviesAppUITests */,
				C26B1E732B60647000600E63 /* Products */,
			);
			sourceTree = "<group>";
		};
		C26B1E732B60647000600E63 /* Products */ = {
			isa = PBXGroup;
			children = (
				C26B1E722B60647000600E63 /* MoviesApp.app */,
				C26B1E882B60647100600E63 /* MoviesAppTests.xctest */,
				C26B1E922B60647100600E63 /* MoviesAppUITests.xctest */,
			);
			name = Products;
			sourceTree = "<group>";
		};
		C26B1E742B60647000600E63 /* MoviesApp */ = {
			isa = PBXGroup;
			children = (
				C21F1C362B61ABF600FCA3EC /* Extensions */,
				C21F1C232B619D2B00FCA3EC /* Config */,
				C26B1EDE2B6079AE00600E63 /* Network */,
				C26B1ECE2B6070DC00600E63 /* Modules */,
				C26B1EC92B60703000600E63 /* Coordinator */,
				C26B1E752B60647000600E63 /* AppDelegate.swift */,
				C26B1E772B60647000600E63 /* SceneDelegate.swift */,
				C26B1E7E2B60647100600E63 /* Assets.xcassets */,
				C26B1E802B60647100600E63 /* LaunchScreen.storyboard */,
				C26B1E832B60647100600E63 /* Info.plist */,
			);
			path = MoviesApp;
			sourceTree = "<group>";
		};
		C26B1E8B2B60647100600E63 /* MoviesAppTests */ = {
			isa = PBXGroup;
			children = (
				C26B1E8C2B60647100600E63 /* MoviesAppTests.swift */,
			);
			path = MoviesAppTests;
			sourceTree = "<group>";
		};
		C26B1E952B60647100600E63 /* MoviesAppUITests */ = {
			isa = PBXGroup;
			children = (
				C26B1E962B60647100600E63 /* MoviesAppUITests.swift */,
				C26B1E982B60647100600E63 /* MoviesAppUITestsLaunchTests.swift */,
			);
			path = MoviesAppUITests;
			sourceTree = "<group>";
		};
		C26B1EC92B60703000600E63 /* Coordinator */ = {
			isa = PBXGroup;
			children = (
				C26B1ECC2B60706F00600E63 /* MoviesCoordinator.swift */,
				C26B1ECA2B60704000600E63 /* Coordinator.swift */,
			);
			path = Coordinator;
			sourceTree = "<group>";
		};
		C26B1ECE2B6070DC00600E63 /* Modules */ = {
			isa = PBXGroup;
			children = (
				C21F1C292B61A45B00FCA3EC /* MoviesDetails */,
				C26B1ECF2B6070E300600E63 /* MoviesList */,
			);
			path = Modules;
			sourceTree = "<group>";
		};
		C26B1ECF2B6070E300600E63 /* MoviesList */ = {
			isa = PBXGroup;
			children = (
				C26B1EEC2B60898600600E63 /* Entites */,
				C26B1EDB2B60791C00600E63 /* Repositories */,
				C26B1ED82B6078D600600E63 /* UseCase */,
				C26B1ED52B60758A00600E63 /* ViewModel */,
				C26B1ED42B60758400600E63 /* Views */,
			);
			path = MoviesList;
			sourceTree = "<group>";
		};
		C26B1ED42B60758400600E63 /* Views */ = {
			isa = PBXGroup;
			children = (
				C21F1C1C2B61987300FCA3EC /* MoviesTableViewCell */,
				C26B1ED22B60724D00600E63 /* MoviesListViewController.xib */,
				C26B1ED02B6070F400600E63 /* MoviesListViewController.swift */,
			);
			path = Views;
			sourceTree = "<group>";
		};
		C26B1ED52B60758A00600E63 /* ViewModel */ = {
			isa = PBXGroup;
			children = (
				C26B1ED62B60759700600E63 /* MoviesListViewModel.swift */,
			);
			path = ViewModel;
			sourceTree = "<group>";
		};
		C26B1ED82B6078D600600E63 /* UseCase */ = {
			isa = PBXGroup;
			children = (
				C26B1ED92B6078E600600E63 /* MoviesListUseCase.swift */,
			);
			path = UseCase;
			sourceTree = "<group>";
		};
		C26B1EDB2B60791C00600E63 /* Repositories */ = {
			isa = PBXGroup;
			children = (
				C26B1EDC2B60793A00600E63 /* MoviesListRemoteRepository.swift */,
				C26B1EE72B607F1500600E63 /* MoviesListEndPointProviders.swift */,
			);
			path = Repositories;
			sourceTree = "<group>";
		};
		C26B1EDE2B6079AE00600E63 /* Network */ = {
			isa = PBXGroup;
			children = (
				C26B1EDF2B6079D700600E63 /* NetworkClient.swift */,
				C26B1EE12B607CDF00600E63 /* NetworkError.swift */,
				C26B1EE32B607D3300600E63 /* NetworkRequest.swift */,
				C26B1EE52B607D8200600E63 /* NetworkHTTPMethod.swift */,
			);
			path = Network;
			sourceTree = "<group>";
		};
		C26B1EEC2B60898600600E63 /* Entites */ = {
			isa = PBXGroup;
			children = (
				C26B1EED2B60899000600E63 /* MoviesListResponse.swift */,
				C21F1C1A2B6194C500FCA3EC /* Movie.swift */,
			);
			path = Entites;
			sourceTree = "<group>";
		};
/* End PBXGroup section */

/* Begin PBXNativeTarget section */
		C26B1E712B60647000600E63 /* MoviesApp */ = {
			isa = PBXNativeTarget;
			buildConfigurationList = C26B1E9C2B60647100600E63 /* Build configuration list for PBXNativeTarget "MoviesApp" */;
			buildPhases = (
				C26B1E6E2B60647000600E63 /* Sources */,
				C26B1E6F2B60647000600E63 /* Frameworks */,
				C26B1E702B60647000600E63 /* Resources */,
			);
			buildRules = (
			);
			dependencies = (
			);
			name = MoviesApp;
			packageProductDependencies = (
				C21F1C272B619EE600FCA3EC /* SDWebImage */,
			);
			productName = MoviesApp;
			productReference = C26B1E722B60647000600E63 /* MoviesApp.app */;
			productType = "com.apple.product-type.application";
		};
		C26B1E872B60647100600E63 /* MoviesAppTests */ = {
			isa = PBXNativeTarget;
			buildConfigurationList = C26B1E9F2B60647100600E63 /* Build configuration list for PBXNativeTarget "MoviesAppTests" */;
			buildPhases = (
				C26B1E842B60647100600E63 /* Sources */,
				C26B1E852B60647100600E63 /* Frameworks */,
				C26B1E862B60647100600E63 /* Resources */,
			);
			buildRules = (
			);
			dependencies = (
				C26B1E8A2B60647100600E63 /* PBXTargetDependency */,
			);
			name = MoviesAppTests;
			productName = MoviesAppTests;
			productReference = C26B1E882B60647100600E63 /* MoviesAppTests.xctest */;
			productType = "com.apple.product-type.bundle.unit-test";
		};
		C26B1E912B60647100600E63 /* MoviesAppUITests */ = {
			isa = PBXNativeTarget;
			buildConfigurationList = C26B1EA22B60647100600E63 /* Build configuration list for PBXNativeTarget "MoviesAppUITests" */;
			buildPhases = (
				C26B1E8E2B60647100600E63 /* Sources */,
				C26B1E8F2B60647100600E63 /* Frameworks */,
				C26B1E902B60647100600E63 /* Resources */,
			);
			buildRules = (
			);
			dependencies = (
				C26B1E942B60647100600E63 /* PBXTargetDependency */,
			);
			name = MoviesAppUITests;
			productName = MoviesAppUITests;
			productReference = C26B1E922B60647100600E63 /* MoviesAppUITests.xctest */;
			productType = "com.apple.product-type.bundle.ui-testing";
		};
/* End PBXNativeTarget section */

/* Begin PBXProject section */
		C26B1E6A2B60647000600E63 /* Project object */ = {
			isa = PBXProject;
			attributes = {
				BuildIndependentTargetsInParallel = 1;
				LastSwiftUpdateCheck = 1430;
				LastUpgradeCheck = 1430;
				TargetAttributes = {
					C26B1E712B60647000600E63 = {
						CreatedOnToolsVersion = 14.3.1;
					};
					C26B1E872B60647100600E63 = {
						CreatedOnToolsVersion = 14.3.1;
						TestTargetID = C26B1E712B60647000600E63;
					};
					C26B1E912B60647100600E63 = {
						CreatedOnToolsVersion = 14.3.1;
						TestTargetID = C26B1E712B60647000600E63;
					};
				};
			};
			buildConfigurationList = C26B1E6D2B60647000600E63 /* Build configuration list for PBXProject "MoviesApp" */;
			compatibilityVersion = "Xcode 14.0";
			developmentRegion = en;
			hasScannedForEncodings = 0;
			knownRegions = (
				en,
				Base,
			);
			mainGroup = C26B1E692B60647000600E63;
			packageReferences = (
				C21F1C262B619EE600FCA3EC /* XCRemoteSwiftPackageReference "SDWebImage" */,
			);
			productRefGroup = C26B1E732B60647000600E63 /* Products */;
			projectDirPath = "";
			projectRoot = "";
			targets = (
				C26B1E712B60647000600E63 /* MoviesApp */,
				C26B1E872B60647100600E63 /* MoviesAppTests */,
				C26B1E912B60647100600E63 /* MoviesAppUITests */,
			);
		};
/* End PBXProject section */

/* Begin PBXResourcesBuildPhase section */
		C26B1E702B60647000600E63 /* Resources */ = {
			isa = PBXResourcesBuildPhase;
			buildActionMask = 2147483647;
			files = (
				C26B1E822B60647100600E63 /* LaunchScreen.storyboard in Resources */,
				C21F1C222B619C5800FCA3EC /* Config.xcconfig in Resources */,
				C26B1E7F2B60647100600E63 /* Assets.xcassets in Resources */,
				C21F1C202B61987E00FCA3EC /* MoviesTableViewCell.xib in Resources */,
				C21F1C2D2B61A46E00FCA3EC /* MovieDetailsViewController.xib in Resources */,
				C26B1ED32B60724D00600E63 /* MoviesListViewController.xib in Resources */,
			);
			runOnlyForDeploymentPostprocessing = 0;
		};
		C26B1E862B60647100600E63 /* Resources */ = {
			isa = PBXResourcesBuildPhase;
			buildActionMask = 2147483647;
			files = (
			);
			runOnlyForDeploymentPostprocessing = 0;
		};
		C26B1E902B60647100600E63 /* Resources */ = {
			isa = PBXResourcesBuildPhase;
			buildActionMask = 2147483647;
			files = (
			);
			runOnlyForDeploymentPostprocessing = 0;
		};
/* End PBXResourcesBuildPhase section */

/* Begin PBXSourcesBuildPhase section */
		C26B1E6E2B60647000600E63 /* Sources */ = {
			isa = PBXSourcesBuildPhase;
			buildActionMask = 2147483647;
			files = (
				C21F1C432B61BD1400FCA3EC /* MovieDetailsResponseModel.swift in Sources */,
				C26B1E762B60647000600E63 /* AppDelegate.swift in Sources */,
				C26B1ECD2B60706F00600E63 /* MoviesCoordinator.swift in Sources */,
				C21F1C2C2B61A46E00FCA3EC /* MovieDetailsViewController.swift in Sources */,
				C26B1ED12B6070F400600E63 /* MoviesListViewController.swift in Sources */,
				C26B1EEE2B60899000600E63 /* MoviesListResponse.swift in Sources */,
				C21F1C382B61AC0200FCA3EC /* Date+Extension.swift in Sources */,
				C21F1C252B619D3700FCA3EC /* Config.swift in Sources */,
				C26B1ED72B60759700600E63 /* MoviesListViewModel.swift in Sources */,
				C21F1C412B61B70000FCA3EC /* MovieDetailsRequestModel.swift in Sources */,
				C21F1C312B61A4DF00FCA3EC /* MovieDetailsViewModel.swift in Sources */,
				C26B1EDD2B60793A00600E63 /* MoviesListRemoteRepository.swift in Sources */,
				C26B1EE62B607D8200600E63 /* NetworkHTTPMethod.swift in Sources */,
				C26B1EE82B607F1500600E63 /* MoviesListEndPointProviders.swift in Sources */,
				C26B1EE02B6079D700600E63 /* NetworkClient.swift in Sources */,
				C26B1E782B60647000600E63 /* SceneDelegate.swift in Sources */,
				C21F1C1F2B61987E00FCA3EC /* MoviesTableViewCell.swift in Sources */,
				C21F1C3E2B61B6B100FCA3EC /* MovieDetailsEndpointProviders.swift in Sources */,
				C26B1ECB2B60704000600E63 /* Coordinator.swift in Sources */,
				C26B1EE42B607D3300600E63 /* NetworkRequest.swift in Sources */,
				C21F1C452B61BDC700FCA3EC /* MovieDetailsUseCase.swift in Sources */,
				C21F1C3C2B61B68500FCA3EC /* MoviesDetailsRemoteRepository.swift in Sources */,
				C26B1EDA2B6078E600600E63 /* MoviesListUseCase.swift in Sources */,
				C26B1EE22B607CDF00600E63 /* NetworkError.swift in Sources */,
				C21F1C1B2B6194C500FCA3EC /* Movie.swift in Sources */,
			);
			runOnlyForDeploymentPostprocessing = 0;
		};
		C26B1E842B60647100600E63 /* Sources */ = {
			isa = PBXSourcesBuildPhase;
			buildActionMask = 2147483647;
			files = (
				C26B1E8D2B60647100600E63 /* MoviesAppTests.swift in Sources */,
			);
			runOnlyForDeploymentPostprocessing = 0;
		};
		C26B1E8E2B60647100600E63 /* Sources */ = {
			isa = PBXSourcesBuildPhase;
			buildActionMask = 2147483647;
			files = (
				C26B1E972B60647100600E63 /* MoviesAppUITests.swift in Sources */,
				C26B1E992B60647100600E63 /* MoviesAppUITestsLaunchTests.swift in Sources */,
			);
			runOnlyForDeploymentPostprocessing = 0;
		};
/* End PBXSourcesBuildPhase section */

/* Begin PBXTargetDependency section */
		C26B1E8A2B60647100600E63 /* PBXTargetDependency */ = {
			isa = PBXTargetDependency;
			target = C26B1E712B60647000600E63 /* MoviesApp */;
			targetProxy = C26B1E892B60647100600E63 /* PBXContainerItemProxy */;
		};
		C26B1E942B60647100600E63 /* PBXTargetDependency */ = {
			isa = PBXTargetDependency;
			target = C26B1E712B60647000600E63 /* MoviesApp */;
			targetProxy = C26B1E932B60647100600E63 /* PBXContainerItemProxy */;
		};
/* End PBXTargetDependency section */

/* Begin PBXVariantGroup section */
		C26B1E802B60647100600E63 /* LaunchScreen.storyboard */ = {
			isa = PBXVariantGroup;
			children = (
				C26B1E812B60647100600E63 /* Base */,
			);
			name = LaunchScreen.storyboard;
			sourceTree = "<group>";
		};
/* End PBXVariantGroup section */

/* Begin XCBuildConfiguration section */
		C26B1E9A2B60647100600E63 /* Debug */ = {
			isa = XCBuildConfiguration;
			baseConfigurationReference = C21F1C212B619C5800FCA3EC /* Config.xcconfig */;
			buildSettings = {
				ALWAYS_SEARCH_USER_PATHS = NO;
				CLANG_ANALYZER_NONNULL = YES;
				CLANG_ANALYZER_NUMBER_OBJECT_CONVERSION = YES_AGGRESSIVE;
				CLANG_CXX_LANGUAGE_STANDARD = "gnu++20";
				CLANG_ENABLE_MODULES = YES;
				CLANG_ENABLE_OBJC_ARC = YES;
				CLANG_ENABLE_OBJC_WEAK = YES;
				CLANG_WARN_BLOCK_CAPTURE_AUTORELEASING = YES;
				CLANG_WARN_BOOL_CONVERSION = YES;
				CLANG_WARN_COMMA = YES;
				CLANG_WARN_CONSTANT_CONVERSION = YES;
				CLANG_WARN_DEPRECATED_OBJC_IMPLEMENTATIONS = YES;
				CLANG_WARN_DIRECT_OBJC_ISA_USAGE = YES_ERROR;
				CLANG_WARN_DOCUMENTATION_COMMENTS = YES;
				CLANG_WARN_EMPTY_BODY = YES;
				CLANG_WARN_ENUM_CONVERSION = YES;
				CLANG_WARN_INFINITE_RECURSION = YES;
				CLANG_WARN_INT_CONVERSION = YES;
				CLANG_WARN_NON_LITERAL_NULL_CONVERSION = YES;
				CLANG_WARN_OBJC_IMPLICIT_RETAIN_SELF = YES;
				CLANG_WARN_OBJC_LITERAL_CONVERSION = YES;
				CLANG_WARN_OBJC_ROOT_CLASS = YES_ERROR;
				CLANG_WARN_QUOTED_INCLUDE_IN_FRAMEWORK_HEADER = YES;
				CLANG_WARN_RANGE_LOOP_ANALYSIS = YES;
				CLANG_WARN_STRICT_PROTOTYPES = YES;
				CLANG_WARN_SUSPICIOUS_MOVE = YES;
				CLANG_WARN_UNGUARDED_AVAILABILITY = YES_AGGRESSIVE;
				CLANG_WARN_UNREACHABLE_CODE = YES;
				CLANG_WARN__DUPLICATE_METHOD_MATCH = YES;
				COPY_PHASE_STRIP = NO;
				DEBUG_INFORMATION_FORMAT = dwarf;
				ENABLE_STRICT_OBJC_MSGSEND = YES;
				ENABLE_TESTABILITY = YES;
				GCC_C_LANGUAGE_STANDARD = gnu11;
				GCC_DYNAMIC_NO_PIC = NO;
				GCC_NO_COMMON_BLOCKS = YES;
				GCC_OPTIMIZATION_LEVEL = 0;
				GCC_PREPROCESSOR_DEFINITIONS = (
					"DEBUG=1",
					"$(inherited)",
				);
				GCC_WARN_64_TO_32_BIT_CONVERSION = YES;
				GCC_WARN_ABOUT_RETURN_TYPE = YES_ERROR;
				GCC_WARN_UNDECLARED_SELECTOR = YES;
				GCC_WARN_UNINITIALIZED_AUTOS = YES_AGGRESSIVE;
				GCC_WARN_UNUSED_FUNCTION = YES;
				GCC_WARN_UNUSED_VARIABLE = YES;
				IPHONEOS_DEPLOYMENT_TARGET = 16.4;
				MTL_ENABLE_DEBUG_INFO = INCLUDE_SOURCE;
				MTL_FAST_MATH = YES;
				ONLY_ACTIVE_ARCH = YES;
				SDKROOT = iphoneos;
				SWIFT_ACTIVE_COMPILATION_CONDITIONS = DEBUG;
				SWIFT_OPTIMIZATION_LEVEL = "-Onone";
			};
			name = Debug;
		};
		C26B1E9B2B60647100600E63 /* Release */ = {
			isa = XCBuildConfiguration;
			baseConfigurationReference = C21F1C212B619C5800FCA3EC /* Config.xcconfig */;
			buildSettings = {
				ALWAYS_SEARCH_USER_PATHS = NO;
				CLANG_ANALYZER_NONNULL = YES;
				CLANG_ANALYZER_NUMBER_OBJECT_CONVERSION = YES_AGGRESSIVE;
				CLANG_CXX_LANGUAGE_STANDARD = "gnu++20";
				CLANG_ENABLE_MODULES = YES;
				CLANG_ENABLE_OBJC_ARC = YES;
				CLANG_ENABLE_OBJC_WEAK = YES;
				CLANG_WARN_BLOCK_CAPTURE_AUTORELEASING = YES;
				CLANG_WARN_BOOL_CONVERSION = YES;
				CLANG_WARN_COMMA = YES;
				CLANG_WARN_CONSTANT_CONVERSION = YES;
				CLANG_WARN_DEPRECATED_OBJC_IMPLEMENTATIONS = YES;
				CLANG_WARN_DIRECT_OBJC_ISA_USAGE = YES_ERROR;
				CLANG_WARN_DOCUMENTATION_COMMENTS = YES;
				CLANG_WARN_EMPTY_BODY = YES;
				CLANG_WARN_ENUM_CONVERSION = YES;
				CLANG_WARN_INFINITE_RECURSION = YES;
				CLANG_WARN_INT_CONVERSION = YES;
				CLANG_WARN_NON_LITERAL_NULL_CONVERSION = YES;
				CLANG_WARN_OBJC_IMPLICIT_RETAIN_SELF = YES;
				CLANG_WARN_OBJC_LITERAL_CONVERSION = YES;
				CLANG_WARN_OBJC_ROOT_CLASS = YES_ERROR;
				CLANG_WARN_QUOTED_INCLUDE_IN_FRAMEWORK_HEADER = YES;
				CLANG_WARN_RANGE_LOOP_ANALYSIS = YES;
				CLANG_WARN_STRICT_PROTOTYPES = YES;
				CLANG_WARN_SUSPICIOUS_MOVE = YES;
				CLANG_WARN_UNGUARDED_AVAILABILITY = YES_AGGRESSIVE;
				CLANG_WARN_UNREACHABLE_CODE = YES;
				CLANG_WARN__DUPLICATE_METHOD_MATCH = YES;
				COPY_PHASE_STRIP = NO;
				DEBUG_INFORMATION_FORMAT = "dwarf-with-dsym";
				ENABLE_NS_ASSERTIONS = NO;
				ENABLE_STRICT_OBJC_MSGSEND = YES;
				GCC_C_LANGUAGE_STANDARD = gnu11;
				GCC_NO_COMMON_BLOCKS = YES;
				GCC_WARN_64_TO_32_BIT_CONVERSION = YES;
				GCC_WARN_ABOUT_RETURN_TYPE = YES_ERROR;
				GCC_WARN_UNDECLARED_SELECTOR = YES;
				GCC_WARN_UNINITIALIZED_AUTOS = YES_AGGRESSIVE;
				GCC_WARN_UNUSED_FUNCTION = YES;
				GCC_WARN_UNUSED_VARIABLE = YES;
				IPHONEOS_DEPLOYMENT_TARGET = 16.4;
				MTL_ENABLE_DEBUG_INFO = NO;
				MTL_FAST_MATH = YES;
				SDKROOT = iphoneos;
				SWIFT_COMPILATION_MODE = wholemodule;
				SWIFT_OPTIMIZATION_LEVEL = "-O";
				VALIDATE_PRODUCT = YES;
			};
			name = Release;
		};
		C26B1E9D2B60647100600E63 /* Debug */ = {
			isa = XCBuildConfiguration;
			baseConfigurationReference = C21F1C212B619C5800FCA3EC /* Config.xcconfig */;
			buildSettings = {
				ASSETCATALOG_COMPILER_APPICON_NAME = AppIcon;
				ASSETCATALOG_COMPILER_GLOBAL_ACCENT_COLOR_NAME = AccentColor;
				CODE_SIGN_STYLE = Automatic;
				CURRENT_PROJECT_VERSION = 1;
				DEVELOPMENT_TEAM = GL8EC8TZ83;
				GENERATE_INFOPLIST_FILE = YES;
				INFOPLIST_FILE = MoviesApp/Info.plist;
				INFOPLIST_KEY_UIApplicationSupportsIndirectInputEvents = YES;
				INFOPLIST_KEY_UILaunchStoryboardName = LaunchScreen;
				INFOPLIST_KEY_UISupportedInterfaceOrientations = UIInterfaceOrientationPortrait;
				IPHONEOS_DEPLOYMENT_TARGET = 15.0;
				LD_RUNPATH_SEARCH_PATHS = (
					"$(inherited)",
					"@executable_path/Frameworks",
				);
				MARKETING_VERSION = 1.0;
				PRODUCT_BUNDLE_IDENTIFIER = com.yassir.MoviesApp;
				PRODUCT_NAME = "$(TARGET_NAME)";
				SWIFT_EMIT_LOC_STRINGS = YES;
				SWIFT_VERSION = 5.0;
				TARGETED_DEVICE_FAMILY = "1,2";
			};
			name = Debug;
		};
		C26B1E9E2B60647100600E63 /* Release */ = {
			isa = XCBuildConfiguration;
			baseConfigurationReference = C21F1C212B619C5800FCA3EC /* Config.xcconfig */;
			buildSettings = {
				ASSETCATALOG_COMPILER_APPICON_NAME = AppIcon;
				ASSETCATALOG_COMPILER_GLOBAL_ACCENT_COLOR_NAME = AccentColor;
				CODE_SIGN_STYLE = Automatic;
				CURRENT_PROJECT_VERSION = 1;
				DEVELOPMENT_TEAM = GL8EC8TZ83;
				GENERATE_INFOPLIST_FILE = YES;
				INFOPLIST_FILE = MoviesApp/Info.plist;
				INFOPLIST_KEY_UIApplicationSupportsIndirectInputEvents = YES;
				INFOPLIST_KEY_UILaunchStoryboardName = LaunchScreen;
				INFOPLIST_KEY_UISupportedInterfaceOrientations = UIInterfaceOrientationPortrait;
				IPHONEOS_DEPLOYMENT_TARGET = 15.0;
				LD_RUNPATH_SEARCH_PATHS = (
					"$(inherited)",
					"@executable_path/Frameworks",
				);
				MARKETING_VERSION = 1.0;
				PRODUCT_BUNDLE_IDENTIFIER = com.yassir.MoviesApp;
				PRODUCT_NAME = "$(TARGET_NAME)";
				SWIFT_EMIT_LOC_STRINGS = YES;
				SWIFT_VERSION = 5.0;
				TARGETED_DEVICE_FAMILY = "1,2";
			};
			name = Release;
		};
		C26B1EA02B60647100600E63 /* Debug */ = {
			isa = XCBuildConfiguration;
			baseConfigurationReference = C21F1C212B619C5800FCA3EC /* Config.xcconfig */;
			buildSettings = {
				ALWAYS_EMBED_SWIFT_STANDARD_LIBRARIES = YES;
				BUNDLE_LOADER = "$(TEST_HOST)";
				CODE_SIGN_STYLE = Automatic;
				CURRENT_PROJECT_VERSION = 1;
				DEVELOPMENT_TEAM = GL8EC8TZ83;
				GENERATE_INFOPLIST_FILE = YES;
				IPHONEOS_DEPLOYMENT_TARGET = 16.4;
				MARKETING_VERSION = 1.0;
				PRODUCT_BUNDLE_IDENTIFIER = com.yassir.MoviesAppTests;
				PRODUCT_NAME = "$(TARGET_NAME)";
				SWIFT_EMIT_LOC_STRINGS = NO;
				SWIFT_VERSION = 5.0;
				TARGETED_DEVICE_FAMILY = "1,2";
				TEST_HOST = "$(BUILT_PRODUCTS_DIR)/MoviesApp.app/$(BUNDLE_EXECUTABLE_FOLDER_PATH)/MoviesApp";
			};
			name = Debug;
		};
		C26B1EA12B60647100600E63 /* Release */ = {
			isa = XCBuildConfiguration;
			baseConfigurationReference = C21F1C212B619C5800FCA3EC /* Config.xcconfig */;
			buildSettings = {
				ALWAYS_EMBED_SWIFT_STANDARD_LIBRARIES = YES;
				BUNDLE_LOADER = "$(TEST_HOST)";
				CODE_SIGN_STYLE = Automatic;
				CURRENT_PROJECT_VERSION = 1;
				DEVELOPMENT_TEAM = GL8EC8TZ83;
				GENERATE_INFOPLIST_FILE = YES;
				IPHONEOS_DEPLOYMENT_TARGET = 16.4;
				MARKETING_VERSION = 1.0;
				PRODUCT_BUNDLE_IDENTIFIER = com.yassir.MoviesAppTests;
				PRODUCT_NAME = "$(TARGET_NAME)";
				SWIFT_EMIT_LOC_STRINGS = NO;
				SWIFT_VERSION = 5.0;
				TARGETED_DEVICE_FAMILY = "1,2";
				TEST_HOST = "$(BUILT_PRODUCTS_DIR)/MoviesApp.app/$(BUNDLE_EXECUTABLE_FOLDER_PATH)/MoviesApp";
			};
			name = Release;
		};
		C26B1EA32B60647100600E63 /* Debug */ = {
			isa = XCBuildConfiguration;
			baseConfigurationReference = C21F1C212B619C5800FCA3EC /* Config.xcconfig */;
			buildSettings = {
				ALWAYS_EMBED_SWIFT_STANDARD_LIBRARIES = YES;
				CODE_SIGN_STYLE = Automatic;
				CURRENT_PROJECT_VERSION = 1;
				DEVELOPMENT_TEAM = GL8EC8TZ83;
				GENERATE_INFOPLIST_FILE = YES;
				MARKETING_VERSION = 1.0;
				PRODUCT_BUNDLE_IDENTIFIER = com.yassir.MoviesAppUITests;
				PRODUCT_NAME = "$(TARGET_NAME)";
				SWIFT_EMIT_LOC_STRINGS = NO;
				SWIFT_VERSION = 5.0;
				TARGETED_DEVICE_FAMILY = "1,2";
				TEST_TARGET_NAME = MoviesApp;
			};
			name = Debug;
		};
		C26B1EA42B60647100600E63 /* Release */ = {
			isa = XCBuildConfiguration;
			baseConfigurationReference = C21F1C212B619C5800FCA3EC /* Config.xcconfig */;
			buildSettings = {
				ALWAYS_EMBED_SWIFT_STANDARD_LIBRARIES = YES;
				CODE_SIGN_STYLE = Automatic;
				CURRENT_PROJECT_VERSION = 1;
				DEVELOPMENT_TEAM = GL8EC8TZ83;
				GENERATE_INFOPLIST_FILE = YES;
				MARKETING_VERSION = 1.0;
				PRODUCT_BUNDLE_IDENTIFIER = com.yassir.MoviesAppUITests;
				PRODUCT_NAME = "$(TARGET_NAME)";
				SWIFT_EMIT_LOC_STRINGS = NO;
				SWIFT_VERSION = 5.0;
				TARGETED_DEVICE_FAMILY = "1,2";
				TEST_TARGET_NAME = MoviesApp;
			};
			name = Release;
		};
/* End XCBuildConfiguration section */

/* Begin XCConfigurationList section */
		C26B1E6D2B60647000600E63 /* Build configuration list for PBXProject "MoviesApp" */ = {
			isa = XCConfigurationList;
			buildConfigurations = (
				C26B1E9A2B60647100600E63 /* Debug */,
				C26B1E9B2B60647100600E63 /* Release */,
			);
			defaultConfigurationIsVisible = 0;
			defaultConfigurationName = Release;
		};
		C26B1E9C2B60647100600E63 /* Build configuration list for PBXNativeTarget "MoviesApp" */ = {
			isa = XCConfigurationList;
			buildConfigurations = (
				C26B1E9D2B60647100600E63 /* Debug */,
				C26B1E9E2B60647100600E63 /* Release */,
			);
			defaultConfigurationIsVisible = 0;
			defaultConfigurationName = Release;
		};
		C26B1E9F2B60647100600E63 /* Build configuration list for PBXNativeTarget "MoviesAppTests" */ = {
			isa = XCConfigurationList;
			buildConfigurations = (
				C26B1EA02B60647100600E63 /* Debug */,
				C26B1EA12B60647100600E63 /* Release */,
			);
			defaultConfigurationIsVisible = 0;
			defaultConfigurationName = Release;
		};
		C26B1EA22B60647100600E63 /* Build configuration list for PBXNativeTarget "MoviesAppUITests" */ = {
			isa = XCConfigurationList;
			buildConfigurations = (
				C26B1EA32B60647100600E63 /* Debug */,
				C26B1EA42B60647100600E63 /* Release */,
			);
			defaultConfigurationIsVisible = 0;
			defaultConfigurationName = Release;
		};
/* End XCConfigurationList section */

/* Begin XCRemoteSwiftPackageReference section */
		C21F1C262B619EE600FCA3EC /* XCRemoteSwiftPackageReference "SDWebImage" */ = {
			isa = XCRemoteSwiftPackageReference;
			repositoryURL = "https://github.com/SDWebImage/SDWebImage.git";
			requirement = {
				kind = upToNextMajorVersion;
				minimumVersion = 5.0.0;
			};
		};
/* End XCRemoteSwiftPackageReference section */

/* Begin XCSwiftPackageProductDependency section */
		C21F1C272B619EE600FCA3EC /* SDWebImage */ = {
			isa = XCSwiftPackageProductDependency;
			package = C21F1C262B619EE600FCA3EC /* XCRemoteSwiftPackageReference "SDWebImage" */;
			productName = SDWebImage;
		};
/* End XCSwiftPackageProductDependency section */
	};
	rootObject = C26B1E6A2B60647000600E63 /* Project object */;
}
